
Microsoft Visual Studio Solution File, Format Version 12.00
# Visual Studio Version 16
VisualStudioVersion = 16.0.31105.61
MinimumVisualStudioVersion = 10.0.40219.1
Project("{FAE04EC0-301F-11D3-BF4B-00C04F79EFBC}") = "FaceEmotionFiver", "FaceEmotionFiver\FaceEmotionFiver.csproj", "{7BD50A9E-C385-4501-BA0E-C5E25395ED8E}"
EndProject
Global
	GlobalSection(SolutionConfigurationPlatforms) = preSolution
		Debug|Any CPU = Debug|Any CPU
		Release|Any CPU = Release|Any CPU
	EndGlobalSection
	GlobalSection(ProjectConfigurationPlatforms) = postSolution
		{7BD50A9E-C385-4501-BA0E-C5E25395ED8E}.Debug|Any CPU.ActiveCfg = Debug|Any CPU
		{7BD50A9E-C385-4501-BA0E-C5E25395ED8E}.Debug|Any CPU.Build.0 = Debug|Any CPU
		{7BD50A9E-C385-4501-BA0E-C5E25395ED8E}.Release|Any CPU.ActiveCfg = Release|Any CPU
		{7BD50A9E-C385-4501-BA0E-C5E25395ED8E}.Release|Any CPU.Build.0 = Release|Any CPU
	EndGlobalSection
	GlobalSection(SolutionProperties) = preSolution
		HideSolutionNode = FALSE
	EndGlobalSection
	GlobalSection(ExtensibilityGlobals) = postSolution
		SolutionGuid = {61F21343-0F01-4D79-8816-E575C12D9DDB}
	EndGlobalSection
EndGlobal
